
Microsoft Visual Studio Solution File, Format Version 12.00
# Visual Studio Version 16
VisualStudioVersion = 16.0.30011.22
MinimumVisualStudioVersion = 10.0.40219.1
Project("{9A19103F-16F7-4668-BE54-9A1E7A4F7556}") = "DnDClassLibrary", "DnDClassLibrary\DnDClassLibrary.csproj", "{CAE0EAEB-EB3B-472A-A365-36E7B07CA618}"
EndProject
Project("{FAE04EC0-301F-11D3-BF4B-00C04F79EFBC}") = "DemoApp", "DemoApp\DemoApp.csproj", "{D786385A-E5EA-420E-B863-093B9A282765}"
EndProject
Global
	GlobalSection(SolutionConfigurationPlatforms) = preSolution
		Debug|Any CPU = Debug|Any CPU
		Release|Any CPU = Release|Any CPU
	EndGlobalSection
	GlobalSection(ProjectConfigurationPlatforms) = postSolution
		{CAE0EAEB-EB3B-472A-A365-36E7B07CA618}.Debug|Any CPU.ActiveCfg = Debug|Any CPU
		{CAE0EAEB-EB3B-472A-A365-36E7B07CA618}.Debug|Any CPU.Build.0 = Debug|Any CPU
		{CAE0EAEB-EB3B-472A-A365-36E7B07CA618}.Release|Any CPU.ActiveCfg = Release|Any CPU
		{CAE0EAEB-EB3B-472A-A365-36E7B07CA618}.Release|Any CPU.Build.0 = Release|Any CPU
		{D786385A-E5EA-420E-B863-093B9A282765}.Debug|Any CPU.ActiveCfg = Debug|Any CPU
		{D786385A-E5EA-420E-B863-093B9A282765}.Debug|Any CPU.Build.0 = Debug|Any CPU
		{D786385A-E5EA-420E-B863-093B9A282765}.Release|Any CPU.ActiveCfg = Release|Any CPU
		{D786385A-E5EA-420E-B863-093B9A282765}.Release|Any CPU.Build.0 = Release|Any CPU
	EndGlobalSection
	GlobalSection(SolutionProperties) = preSolution
		HideSolutionNode = FALSE
	EndGlobalSection
	GlobalSection(ExtensibilityGlobals) = postSolution
		SolutionGuid = {F1D50885-BF9B-48D5-AF98-2EBC8879C74F}
	EndGlobalSection
EndGlobal
